
Microsoft Visual Studio Solution File, Format Version 12.00
# Visual Studio Version 17
VisualStudioVersion = 17.1.32210.238
MinimumVisualStudioVersion = 10.0.40219.1
Project("{9A19103F-16F7-4668-BE54-9A1E7A4F7556}") = "Adapter", "src\Adapter\Adapter.csproj", "{4250E399-6183-4B8C-90B9-6579FC8A1E70}"
EndProject
Project("{9A19103F-16F7-4668-BE54-9A1E7A4F7556}") = "Bridge", "src\Bridge\Bridge.csproj", "{391D8D68-5EE1-4DDF-9DA0-7C0DCAF59107}"
EndProject
Project("{FAE04EC0-301F-11D3-BF4B-00C04F79EFBC}") = "Composite", "src\Composite\Composite.csproj", "{D0D3AFF8-7ABA-434A-BB64-77F964F42110}"
EndProject
Global
	GlobalSection(SolutionConfigurationPlatforms) = preSolution
		Debug|Any CPU = Debug|Any CPU
		Release|Any CPU = Release|Any CPU
	EndGlobalSection
	GlobalSection(ProjectConfigurationPlatforms) = postSolution
		{4250E399-6183-4B8C-90B9-6579FC8A1E70}.Debug|Any CPU.ActiveCfg = Debug|Any CPU
		{4250E399-6183-4B8C-90B9-6579FC8A1E70}.Debug|Any CPU.Build.0 = Debug|Any CPU
		{4250E399-6183-4B8C-90B9-6579FC8A1E70}.Release|Any CPU.ActiveCfg = Release|Any CPU
		{4250E399-6183-4B8C-90B9-6579FC8A1E70}.Release|Any CPU.Build.0 = Release|Any CPU
		{391D8D68-5EE1-4DDF-9DA0-7C0DCAF59107}.Debug|Any CPU.ActiveCfg = Debug|Any CPU
		{391D8D68-5EE1-4DDF-9DA0-7C0DCAF59107}.Debug|Any CPU.Build.0 = Debug|Any CPU
		{391D8D68-5EE1-4DDF-9DA0-7C0DCAF59107}.Release|Any CPU.ActiveCfg = Release|Any CPU
		{391D8D68-5EE1-4DDF-9DA0-7C0DCAF59107}.Release|Any CPU.Build.0 = Release|Any CPU
		{D0D3AFF8-7ABA-434A-BB64-77F964F42110}.Debug|Any CPU.ActiveCfg = Debug|Any CPU
		{D0D3AFF8-7ABA-434A-BB64-77F964F42110}.Debug|Any CPU.Build.0 = Debug|Any CPU
		{D0D3AFF8-7ABA-434A-BB64-77F964F42110}.Release|Any CPU.ActiveCfg = Release|Any CPU
		{D0D3AFF8-7ABA-434A-BB64-77F964F42110}.Release|Any CPU.Build.0 = Release|Any CPU
	EndGlobalSection
	GlobalSection(SolutionProperties) = preSolution
		HideSolutionNode = FALSE
	EndGlobalSection
	GlobalSection(ExtensibilityGlobals) = postSolution
		SolutionGuid = {E986E5E2-CF6B-4EEB-AAFE-B8E186E6F665}
	EndGlobalSection
EndGlobal
